{
  "name": "scripts",
  "version": "1.0.0",
  "lockfileVersion": 1,
  "requires": true,
  "dependencies": {
    "eslint-config-simonwjackson": {
      "version": "git+https://github.com/simonwjackson/eslint-config-simonwjackson.git#5227981fe9ca0971bc96b19d77014e1af8d57e4d",
      "from": "git+https://github.com/simonwjackson/eslint-config-simonwjackson.git"
    }
  }
}
